
Microsoft Visual Studio Solution File, Format Version 12.00
# Visual Studio 15
VisualStudioVersion = 15.0.28010.2016
MinimumVisualStudioVersion = 10.0.40219.1
Project("{FAE04EC0-301F-11D3-BF4B-00C04F79EFBC}") = "AlmostTwitter", "AlmostTwitter\AlmostTwitter.csproj", "{D537B6D7-B56C-4FC4-ACEE-109AFFC2D0EE}"
EndProject
Global
	GlobalSection(SolutionConfigurationPlatforms) = preSolution
		Debug|Any CPU = Debug|Any CPU
		Release|Any CPU = Release|Any CPU
	EndGlobalSection
	GlobalSection(ProjectConfigurationPlatforms) = postSolution
		{D537B6D7-B56C-4FC4-ACEE-109AFFC2D0EE}.Debug|Any CPU.ActiveCfg = Debug|Any CPU
		{D537B6D7-B56C-4FC4-ACEE-109AFFC2D0EE}.Debug|Any CPU.Build.0 = Debug|Any CPU
		{D537B6D7-B56C-4FC4-ACEE-109AFFC2D0EE}.Debug|Any CPU.Deploy.0 = Debug|Any CPU
		{D537B6D7-B56C-4FC4-ACEE-109AFFC2D0EE}.Release|Any CPU.ActiveCfg = Release|Any CPU
		{D537B6D7-B56C-4FC4-ACEE-109AFFC2D0EE}.Release|Any CPU.Build.0 = Release|Any CPU
		{D537B6D7-B56C-4FC4-ACEE-109AFFC2D0EE}.Release|Any CPU.Deploy.0 = Release|Any CPU
	EndGlobalSection
	GlobalSection(SolutionProperties) = preSolution
		HideSolutionNode = FALSE
	EndGlobalSection
	GlobalSection(ExtensibilityGlobals) = postSolution
		SolutionGuid = {6DD1114F-41FA-4EFD-A696-FD433D937B9A}
	EndGlobalSection
EndGlobal
